
Microsoft Visual Studio Solution File, Format Version 12.00
# Visual Studio 15
VisualStudioVersion = 15.0.28010.2046
MinimumVisualStudioVersion = 10.0.40219.1
Project("{888888A0-9F3D-457C-B088-3A5042F75D52}") = "BasicProject", "BasicProject\BasicProject.pyproj", "{F6DE218B-7CAF-4462-95C6-C2461F24223A}"
EndProject
Global
	GlobalSection(SolutionConfigurationPlatforms) = preSolution
		Debug|Any CPU = Debug|Any CPU
		Release|Any CPU = Release|Any CPU
	EndGlobalSection
	GlobalSection(ProjectConfigurationPlatforms) = postSolution
		{F6DE218B-7CAF-4462-95C6-C2461F24223A}.Debug|Any CPU.ActiveCfg = Debug|Any CPU
		{F6DE218B-7CAF-4462-95C6-C2461F24223A}.Debug|Any CPU.Build.0 = Debug|Any CPU
		{F6DE218B-7CAF-4462-95C6-C2461F24223A}.Release|Any CPU.ActiveCfg = Release|Any CPU
		{F6DE218B-7CAF-4462-95C6-C2461F24223A}.Release|Any CPU.Build.0 = Release|Any CPU
	EndGlobalSection
	GlobalSection(SolutionProperties) = preSolution
		HideSolutionNode = FALSE
	EndGlobalSection
	GlobalSection(ExtensibilityGlobals) = postSolution
		SolutionGuid = {C3795202-5BB4-4BE4-B9CA-7584AD557500}
	EndGlobalSection
EndGlobal
